<?xml version="1.0" encoding="utf-8"?>
<Project ToolsVersion="4.0" xmlns="http://schemas.microsoft.com/developer/msbuild/2003">
  <ItemGroup>
    <Filter Include="Source Files">
      <UniqueIdentifier>{4FC737F1-C7A5-4376-A066-2A32D752A2FF}</UniqueIdentifier>
      <Extensions>cpp;c;cc;cxx;def;odl;idl;hpj;bat;asm;asmx</Extensions>
    </Filter>
    <Filter Include="Header Files">
      <UniqueIdentifier>{93995380-89BD-4b04-88EB-625FBE52EBFB}</UniqueIdentifier>
      <Extensions>h;hh;hpp;hxx;hm;inl;inc;ipp;xsd</Extensions>
    </Filter>
    <Filter Include="Resource Files">
      <UniqueIdentifier>{67DA6AB6-F800-4c08-8B7A-83BB121AAD01}</UniqueIdentifier>
      <Extensions>rc;ico;cur;bmp;dlg;rc2;rct;bin;rgs;gif;jpg;jpeg;jpe;resx;tiff;tif;png;wav;mfcribbon-ms</Extensions>
    </Filter>
    <Filter Include="Header Files\Renderer">
      <UniqueIdentifier>{9ee1d221-a529-4a19-bb79-f5c60fad1654}</UniqueIdentifier>
    </Filter>
    <Filter Include="Header Files\Hooks">
      <UniqueIdentifier>{ed2c23ab-87b7-4dbe-b55f-ca8c716e1cfb}</UniqueIdentifier>
    </Filter>
    <Filter Include="Header Files\Utils">
      <UniqueIdentifier>{75c253b9-e445-4ae0-a7b6-6672e8bf76a3}</UniqueIdentifier>
    </Filter>
    <Filter Include="Source Files\Renderer">
      <UniqueIdentifier>{2198a584-1e61-46d5-84a8-7091ca2d0e8a}</UniqueIdentifier>
    </Filter>
    <Filter Include="Source Files\Main">
      <UniqueIdentifier>{d3e680c1-aab7-47c5-843c-b3b6ac05e95f}</UniqueIdentifier>
    </Filter>
    <Filter Include="Source Files\Utils">
      <UniqueIdentifier>{c2845eef-7951-42d2-a611-b7ef8bf27ff7}</UniqueIdentifier>
    </Filter>
    <Filter Include="Source Files\Features">
      <UniqueIdentifier>{c57d3527-0468-4551-86c6-b35ddf0950f6}</UniqueIdentifier>
    </Filter>
    <Filter Include="Header Files\Features">
      <UniqueIdentifier>{adf77382-966b-41cc-993e-9c96e42c5bb7}</UniqueIdentifier>
    </Filter>
    <Filter Include="Header Files\SDK">
      <UniqueIdentifier>{fbabd697-f4c3-4836-a24d-d80492ee575e}</UniqueIdentifier>
    </Filter>
    <Filter Include="Source Files\SDK">
      <UniqueIdentifier>{ae7b268b-c552-46bf-9de2-be12dd2297f4}</UniqueIdentifier>
    </Filter>
    <Filter Include="Source Files\Math">
      <UniqueIdentifier>{b3a39b7d-edd8-49c2-a980-26d98b3312bd}</UniqueIdentifier>
    </Filter>
    <Filter Include="Source Files\Nuklear">
      <UniqueIdentifier>{cae81aff-7380-44b6-b10f-e1c6572295a9}</UniqueIdentifier>
    </Filter>
    <Filter Include="Header Files\Nuklear">
      <UniqueIdentifier>{c5300230-5693-4b43-935d-2132407680a5}</UniqueIdentifier>
    </Filter>
  </ItemGroup>
  <ItemGroup>
    <ClCompile Include="D3D11Renderer.cpp">
      <Filter>Source Files\Renderer</Filter>
    </ClCompile>
    <ClCompile Include="Menu.cpp">
      <Filter>Source Files\Renderer</Filter>
    </ClCompile>
    <ClCompile Include="Hook.cpp">
      <Filter>Source Files\Main</Filter>
    </ClCompile>
    <ClCompile Include="dllmain.cpp">
      <Filter>Source Files\Main</Filter>
    </ClCompile>
    <ClCompile Include="Settings.cpp">
      <Filter>Source Files\Utils</Filter>
    </ClCompile>
    <ClCompile Include="Aimbot.cpp">
      <Filter>Source Files\Features</Filter>
    </ClCompile>
    <ClCompile Include="Visuals.cpp">
      <Filter>Source Files\Features</Filter>
    </ClCompile>
    <ClCompile Include="Init.cpp">
      <Filter>Source Files\Main</Filter>
    </ClCompile>
    <ClCompile Include="Entity.cpp">
      <Filter>Source Files\SDK</Filter>
    </ClCompile>
    <ClCompile Include="Engine.cpp">
      <Filter>Source Files\SDK</Filter>
    </ClCompile>
    <ClCompile Include="VMatrix.cpp">
      <Filter>Source Files\Math</Filter>
    </ClCompile>
    <ClCompile Include="Vector2D.cpp">
      <Filter>Source Files\Math</Filter>
    </ClCompile>
    <ClCompile Include="Vector4D.cpp">
      <Filter>Source Files\Math</Filter>
    </ClCompile>
    <ClCompile Include="Camera.cpp">
      <Filter>Source Files\SDK</Filter>
    </ClCompile>
    <ClCompile Include="nuklear_d3d11.cpp">
      <Filter>Source Files\Nuklear</Filter>
    </ClCompile>
    <ClCompile Include="nuklear.cpp">
      <Filter>Source Files\Nuklear</Filter>
    </ClCompile>
    <ClCompile Include="D3D11StateSaver.cpp">
      <Filter>Source Files\Renderer</Filter>
    </ClCompile>
  </ItemGroup>
  <ItemGroup>
    <ClInclude Include="Hook.h">
      <Filter>Header Files\Hooks</Filter>
    </ClInclude>
    <ClInclude Include="D3D11Renderer.h">
      <Filter>Header Files\Renderer</Filter>
    </ClInclude>
    <ClInclude Include="Globals.h">
      <Filter>Header Files\Utils</Filter>
    </ClInclude>
    <ClInclude Include="Helper.h">
      <Filter>Header Files\Utils</Filter>
    </ClInclude>
    <ClInclude Include="Utils.h">
      <Filter>Header Files\Utils</Filter>
    </ClInclude>
    <ClInclude Include="Settings.h">
      <Filter>Header Files\Utils</Filter>
    </ClInclude>
    <ClInclude Include="Features.h">
      <Filter>Header Files\Features</Filter>
    </ClInclude>
    <ClInclude Include="Offsets.h">
      <Filter>Header Files\SDK</Filter>
    </ClInclude>
    <ClInclude Include="Entity.h">
      <Filter>Header Files\SDK</Filter>
    </ClInclude>
    <ClInclude Include="Engine.h">
      <Filter>Header Files\SDK</Filter>
    </ClInclude>
    <ClInclude Include="VMatrix.hpp">
      <Filter>Source Files\Math</Filter>
    </ClInclude>
    <ClInclude Include="QAngle.hpp">
      <Filter>Source Files\Math</Filter>
    </ClInclude>
    <ClInclude Include="Vector.hpp">
      <Filter>Source Files\Math</Filter>
    </ClInclude>
    <ClInclude Include="Vector2D.hpp">
      <Filter>Source Files\Math</Filter>
    </ClInclude>
    <ClInclude Include="Vector4D.hpp">
      <Filter>Source Files\Math</Filter>
    </ClInclude>
    <ClInclude Include="Camera.h">
      <Filter>Header Files\SDK</Filter>
    </ClInclude>
    <ClInclude Include="Menu.h">
      <Filter>Header Files\Nuklear</Filter>
    </ClInclude>
    <ClInclude Include="nuklear_d3d11.h">
      <Filter>Header Files\Nuklear</Filter>
    </ClInclude>
    <ClInclude Include="nuklear_d3d11_pixel_shader.h">
      <Filter>Header Files\Nuklear</Filter>
    </ClInclude>
    <ClInclude Include="nuklear_d3d11_vertex_shader.h">
      <Filter>Header Files\Nuklear</Filter>
    </ClInclude>
    <ClInclude Include="D3D11StateSaver.h">
      <Filter>Header Files\Renderer</Filter>
    </ClInclude>
    <ClInclude Include="D3D11Shader.h">
      <Filter>Header Files\Renderer</Filter>
    </ClInclude>
    <ClInclude Include="nuklear.h">
      <Filter>Header Files\Nuklear</Filter>
    </ClInclude>
  </ItemGroup>
</Project>